
Microsoft Visual Studio Solution File, Format Version 12.00
# Visual Studio Version 16
VisualStudioVersion = 16.0.28803.452
MinimumVisualStudioVersion = 10.0.40219.1
Project("{FAE04EC0-301F-11D3-BF4B-00C04F79EFBC}") = "All oprations", "All oprations.csproj", "{3836E4FF-BEE8-43C5-A70B-7EE683F2EFF7}"
EndProject
Global
	GlobalSection(SolutionConfigurationPlatforms) = preSolution
		Debug|Any CPU = Debug|Any CPU
		Release|Any CPU = Release|Any CPU
	EndGlobalSection
	GlobalSection(ProjectConfigurationPlatforms) = postSolution
		{3836E4FF-BEE8-43C5-A70B-7EE683F2EFF7}.Debug|Any CPU.ActiveCfg = Debug|Any CPU
		{3836E4FF-BEE8-43C5-A70B-7EE683F2EFF7}.Debug|Any CPU.Build.0 = Debug|Any CPU
		{3836E4FF-BEE8-43C5-A70B-7EE683F2EFF7}.Release|Any CPU.ActiveCfg = Release|Any CPU
		{3836E4FF-BEE8-43C5-A70B-7EE683F2EFF7}.Release|Any CPU.Build.0 = Release|Any CPU
	EndGlobalSection
	GlobalSection(SolutionProperties) = preSolution
		HideSolutionNode = FALSE
	EndGlobalSection
	GlobalSection(ExtensibilityGlobals) = postSolution
		SolutionGuid = {DEA2DEB2-B82E-4D5F-8EBB-E450095BF6E4}
	EndGlobalSection
EndGlobal
